
Microsoft Visual Studio Solution File, Format Version 12.00
# Visual Studio Version 16
VisualStudioVersion = 16.0.33214.272
MinimumVisualStudioVersion = 10.0.40219.1
Project("{FAE04EC0-301F-11D3-BF4B-00C04F79EFBC}") = "ContabilidadApp", "ContabilidadApp\ContabilidadApp.csproj", "{04A67DB1-B4C0-4BB4-A61C-614CF09FE66E}"
EndProject
Global
	GlobalSection(SolutionConfigurationPlatforms) = preSolution
		Debug|Any CPU = Debug|Any CPU
		Release|Any CPU = Release|Any CPU
	EndGlobalSection
	GlobalSection(ProjectConfigurationPlatforms) = postSolution
		{04A67DB1-B4C0-4BB4-A61C-614CF09FE66E}.Debug|Any CPU.ActiveCfg = Debug|Any CPU
		{04A67DB1-B4C0-4BB4-A61C-614CF09FE66E}.Debug|Any CPU.Build.0 = Debug|Any CPU
		{04A67DB1-B4C0-4BB4-A61C-614CF09FE66E}.Release|Any CPU.ActiveCfg = Release|Any CPU
		{04A67DB1-B4C0-4BB4-A61C-614CF09FE66E}.Release|Any CPU.Build.0 = Release|Any CPU
	EndGlobalSection
	GlobalSection(SolutionProperties) = preSolution
		HideSolutionNode = FALSE
	EndGlobalSection
	GlobalSection(ExtensibilityGlobals) = postSolution
		SolutionGuid = {5B169DFF-2FE1-42B2-8180-B8EFA745FC26}
	EndGlobalSection
EndGlobal
